
Microsoft Visual Studio Solution File, Format Version 12.00
# Visual Studio Version 16
VisualStudioVersion = 16.0.31205.134
MinimumVisualStudioVersion = 10.0.40219.1
Project("{FAE04EC0-301F-11D3-BF4B-00C04F79EFBC}") = "PVLaJoya", "PVLaJoya.csproj", "{0D51FE0C-F14C-4E63-AEA4-43F4FF8547AD}"
EndProject
Global
	GlobalSection(SolutionConfigurationPlatforms) = preSolution
		Debug|Any CPU = Debug|Any CPU
		Release|Any CPU = Release|Any CPU
	EndGlobalSection
	GlobalSection(ProjectConfigurationPlatforms) = postSolution
		{0D51FE0C-F14C-4E63-AEA4-43F4FF8547AD}.Debug|Any CPU.ActiveCfg = Debug|Any CPU
		{0D51FE0C-F14C-4E63-AEA4-43F4FF8547AD}.Debug|Any CPU.Build.0 = Debug|Any CPU
		{0D51FE0C-F14C-4E63-AEA4-43F4FF8547AD}.Release|Any CPU.ActiveCfg = Release|Any CPU
		{0D51FE0C-F14C-4E63-AEA4-43F4FF8547AD}.Release|Any CPU.Build.0 = Release|Any CPU
	EndGlobalSection
	GlobalSection(SolutionProperties) = preSolution
		HideSolutionNode = FALSE
	EndGlobalSection
	GlobalSection(ExtensibilityGlobals) = postSolution
		SolutionGuid = {7410B7FB-0372-4DD4-80E7-614D18003116}
	EndGlobalSection
EndGlobal
